
Microsoft Visual Studio Solution File, Format Version 11.00
# Visual Studio 2010
Project("{FAE04EC0-301F-11D3-BF4B-00C04F79EFBC}") = "LogAn", "LogAn\LogAn.csproj", "{E198A60B-4B25-44AC-A18D-C03F30FF4A32}"
EndProject
Project("{FAE04EC0-301F-11D3-BF4B-00C04F79EFBC}") = "LogAn.Test", "LogAn.Test\LogAn.Test.csproj", "{A1C62D07-6999-4209-AADE-94C8BE385930}"
EndProject
Project("{2150E333-8FDC-42A3-9474-1A3956D46DE8}") = "CH2", "CH2", "{0573BCDF-ABF9-4745-9D28-6BEE186A99A3}"
EndProject
Project("{2150E333-8FDC-42A3-9474-1A3956D46DE8}") = "CH3", "CH3", "{646E757D-EF0B-43BA-BB88-3EFE5CDFA58D}"
EndProject
Project("{FAE04EC0-301F-11D3-BF4B-00C04F79EFBC}") = "CH3.LogAn", "CH3.LogAn\CH3.LogAn.csproj", "{87DED548-DB38-4547-8D41-D8D56C9471DC}"
EndProject
Project("{FAE04EC0-301F-11D3-BF4B-00C04F79EFBC}") = "CH3.LogAnTest", "CH3.LogAnTest\CH3.LogAnTest.csproj", "{AEB675DA-2998-4CA7-89A9-5269DE805671}"
EndProject
Global
	GlobalSection(TestCaseManagementSettings) = postSolution
		CategoryFile = NunitTest.vsmdi
	EndGlobalSection
	GlobalSection(SolutionConfigurationPlatforms) = preSolution
		Debug|Any CPU = Debug|Any CPU
		Release|Any CPU = Release|Any CPU
	EndGlobalSection
	GlobalSection(ProjectConfigurationPlatforms) = postSolution
		{E198A60B-4B25-44AC-A18D-C03F30FF4A32}.Debug|Any CPU.ActiveCfg = Debug|Any CPU
		{E198A60B-4B25-44AC-A18D-C03F30FF4A32}.Debug|Any CPU.Build.0 = Debug|Any CPU
		{E198A60B-4B25-44AC-A18D-C03F30FF4A32}.Release|Any CPU.ActiveCfg = Release|Any CPU
		{E198A60B-4B25-44AC-A18D-C03F30FF4A32}.Release|Any CPU.Build.0 = Release|Any CPU
		{A1C62D07-6999-4209-AADE-94C8BE385930}.Debug|Any CPU.ActiveCfg = Debug|Any CPU
		{A1C62D07-6999-4209-AADE-94C8BE385930}.Debug|Any CPU.Build.0 = Debug|Any CPU
		{A1C62D07-6999-4209-AADE-94C8BE385930}.Release|Any CPU.ActiveCfg = Release|Any CPU
		{A1C62D07-6999-4209-AADE-94C8BE385930}.Release|Any CPU.Build.0 = Release|Any CPU
		{87DED548-DB38-4547-8D41-D8D56C9471DC}.Debug|Any CPU.ActiveCfg = Debug|Any CPU
		{87DED548-DB38-4547-8D41-D8D56C9471DC}.Debug|Any CPU.Build.0 = Debug|Any CPU
		{87DED548-DB38-4547-8D41-D8D56C9471DC}.Release|Any CPU.ActiveCfg = Release|Any CPU
		{87DED548-DB38-4547-8D41-D8D56C9471DC}.Release|Any CPU.Build.0 = Release|Any CPU
		{AEB675DA-2998-4CA7-89A9-5269DE805671}.Debug|Any CPU.ActiveCfg = Debug|Any CPU
		{AEB675DA-2998-4CA7-89A9-5269DE805671}.Debug|Any CPU.Build.0 = Debug|Any CPU
		{AEB675DA-2998-4CA7-89A9-5269DE805671}.Release|Any CPU.ActiveCfg = Release|Any CPU
		{AEB675DA-2998-4CA7-89A9-5269DE805671}.Release|Any CPU.Build.0 = Release|Any CPU
	EndGlobalSection
	GlobalSection(SolutionProperties) = preSolution
		HideSolutionNode = FALSE
	EndGlobalSection
	GlobalSection(NestedProjects) = preSolution
		{E198A60B-4B25-44AC-A18D-C03F30FF4A32} = {0573BCDF-ABF9-4745-9D28-6BEE186A99A3}
		{A1C62D07-6999-4209-AADE-94C8BE385930} = {0573BCDF-ABF9-4745-9D28-6BEE186A99A3}
		{87DED548-DB38-4547-8D41-D8D56C9471DC} = {646E757D-EF0B-43BA-BB88-3EFE5CDFA58D}
		{AEB675DA-2998-4CA7-89A9-5269DE805671} = {646E757D-EF0B-43BA-BB88-3EFE5CDFA58D}
	EndGlobalSection
EndGlobal
